# This file is automatically @generated by Poetry 1.5.4 and should not be changed by hand.

[[package]]
name = "py310utils"
version = "0.0.1"
description = "Utilities for Python 3.10"
optional = false
python-versions = "*"
files = [
    {file = "py310utils-0.0.1.tar.gz", hash = "sha256:d4af5a8ec4ad3d848c8d9fbace39d9ed49742b7fd69ee655aff5d043dc7d315d"},
]

[metadata]
lock-version = "2.0"
python-versions = "^3.10"
content-hash = "66f32c5454706a11f8df4e777ceadc153770d0c797cc63624667d80bfd17f43b"
